{
  "version": 4,
  "terraform_version": "1.13.5",
  "serial": 120,
  "lineage": "5273202f-147a-c136-d9b1-13893426fe46",
  "outputs": {
    "ecr_repository_url": {
      "value": "764520352358.dkr.ecr.eu-central-1.amazonaws.com/devops-final-mykola-dev-django-app",
      "type": "string"
    }
  },
  "resources": [
    {
      "mode": "data",
      "type": "aws_eks_cluster",
      "name": "this",
      "provider": "provider[\"registry.terraform.io/hashicorp/aws\"]",
      "instances": [
        {
          "schema_version": 0,
          "attributes": {
            "access_config": [
              {
                "authentication_mode": "CONFIG_MAP",
                "bootstrap_cluster_creator_admin_permissions": true
              }
            ],
            "arn": "arn:aws:eks:eu-central-1:764520352358:cluster/devops-final-mykola-dev-eks",
            "certificate_authority": [
              {
                "data": "LS0tLS1CRUdJTiBDRVJUSUZJQ0FURS0tLS0tCk1JSURCVENDQWUyZ0F3SUJBZ0lJSzZnNFNqZXhneEF3RFFZSktvWklodmNOQVFFTEJRQXdGVEVUTUJFR0ExVUUKQXhNS2EzVmlaWEp1WlhSbGN6QWVGdzB5TlRFeE1qTXhNekV6TURCYUZ3MHpOVEV4TWpFeE16RTRNREJhTUJVeApFekFSQmdOVkJBTVRDbXQxWW1WeWJtVjBaWE13Z2dFaU1BMEdDU3FHU0liM0RRRUJBUVVBQTRJQkR3QXdnZ0VLCkFvSUJBUUMyMGx5VW1GcEYydVBqS3JVclpUemJNTmFZeE50ZUUxZUk3L04yaXJNWVRFOFZzNiswbDZ3U3Y5S1AKM0JRNXFxVHdSYS9rck40NFRKTDljWElKWWZsMEpPTldVdkxuN3hMVjl2ZVIvVVlwdCtKdFc0NldzWVkrY1c1UApIKzdxdXpRcWlpR3JrT21KNFNBYnR6ejB4bTV2TnpyZWJYZTU3VU9TaFFBMzlZcEpCM0F1L3l6UlNiWFVpbFNVClBTS0IwbG4yWWllMmZTRENWamZvd2VJYXI4MTdyYkxRL2RLc0F6VVdDbHJ5Ly9YaGZhckNvYVdhOC92VzF2eTIKcjZEangzN1pqMjZmc0RRcC9SUyttclhNUi9UR2VYbTRHOFBwd05xMDQ4K2FYVkE2cUxtbmhJVktmVldsNkhHYgpZNitnK3duTDZ5VzY1U0Ywc3U3c1JQZEJidG9MQWdNQkFBR2pXVEJYTUE0R0ExVWREd0VCL3dRRUF3SUNwREFQCkJnTlZIUk1CQWY4RUJUQURBUUgvTUIwR0ExVWREZ1FXQkJUd2JSQ3o3TDgxdmFkdStrZVVrdHF5S1UxcjFqQVYKQmdOVkhSRUVEakFNZ2dwcmRXSmxjbTVsZEdWek1BMEdDU3FHU0liM0RRRUJDd1VBQTRJQkFRQUZRd0UvbnQzSApRNjQ1aFY3LzBuajJyYWhoQlpzU1FsNmlBNHZVelM1UkxHYTBrYTVnY1QzdmJIVEhKdWpwSlE0d08wT3dnTzRZCnJ3VWpNT3JSbGorM21TajFSTGcvRlhJYkYxSDl6MWp0Z2Y0eDUwQ3NtcTlkWlBvQ2ZpZVA3cStLREpJUkl3ZmIKNUs5Slh5NHNwclozNHl5aGR6cEpnZ1VUNlZIZmhRVXVZWmRKalZBUFNlTkYrcDdVRjZHWnRjKy9MeE8vU0ppMAoxWTRKKzBjbUxWL0E0SU54alVxenJOUTY5aWlPSnMzQUR5STBLa2xXSElNVzNxRXl3TExZWHJxZnplb0ZPdEt2CjlDMjJwRTF5K1FxWExHaWRWSXRQUEVrRllxZDl0VENEVlRKMzlKSmxFRkVKMnVVZ3gxZjIvRjVaYnJmLzkzZFcKaFBqRWp4U2RyRDVICi0tLS0tRU5EIENFUlRJRklDQVRFLS0tLS0K"
              }
            ],
            "cluster_id": null,
            "compute_config": [],
            "created_at": "2025-11-23T13:12:26Z",
            "enabled_cluster_log_types": [],
            "endpoint": "https://1D9B48E5C1632CC97A6BBCBCC260404D.gr7.eu-central-1.eks.amazonaws.com",
            "id": "devops-final-mykola-dev-eks",
            "identity": [
              {
                "oidc": [
                  {
                    "issuer": "https://oidc.eks.eu-central-1.amazonaws.com/id/1D9B48E5C1632CC97A6BBCBCC260404D"
                  }
                ]
              }
            ],
            "kubernetes_network_config": [
              {
                "elastic_load_balancing": [
                  {
                    "enabled": false
                  }
                ],
                "ip_family": "ipv4",
                "service_ipv4_cidr": "172.20.0.0/16",
                "service_ipv6_cidr": ""
              }
            ],
            "name": "devops-final-mykola-dev-eks",
            "outpost_config": [],
            "platform_version": "eks.54",
            "remote_network_config": [],
            "role_arn": "arn:aws:iam::764520352358:role/devops-final-mykola-dev-eks-cluster-role",
            "status": "ACTIVE",
            "storage_config": [],
            "tags": {
              "Environment": "dev",
              "Name": "devops-final-mykola-dev-eks"
            },
            "upgrade_policy": [
              {
                "support_type": "EXTENDED"
              }
            ],
            "version": "1.30",
            "vpc_config": [
              {
                "cluster_security_group_id": "sg-0fb406f1e3bc8cffd",
                "endpoint_private_access": false,
                "endpoint_public_access": true,
                "public_access_cidrs": [
                  "0.0.0.0/0"
                ],
                "security_group_ids": [
                  "sg-03706a0ef7c27efee"
                ],
                "subnet_ids": [
                  "subnet-0001e1d3d2d4966da",
                  "subnet-00844d30bd3aeb8a4"
                ],
                "vpc_id": "vpc-0c38fee4013a228ac"
              }
            ],
            "zonal_shift_config": []
          },
          "sensitive_attributes": [],
          "identity_schema_version": 0
        }
      ]
    },
    {
      "mode": "data",
      "type": "aws_eks_cluster_auth",
      "name": "this",
      "provider": "provider[\"registry.terraform.io/hashicorp/aws\"]",
      "instances": [
        {
          "schema_version": 0,
          "attributes": {
            "id": "devops-final-mykola-dev-eks",
            "name": "devops-final-mykola-dev-eks",
            "token": "k8s-aws-v1.aHR0cHM6Ly9zdHMuZXUtY2VudHJhbC0xLmFtYXpvbmF3cy5jb20vP0FjdGlvbj1HZXRDYWxsZXJJZGVudGl0eSZWZXJzaW9uPTIwMTEtMDYtMTUmWC1BbXotQWxnb3JpdGhtPUFXUzQtSE1BQy1TSEEyNTYmWC1BbXotQ3JlZGVudGlhbD1BS0lBM0VBSFdaSlRJVkNOWVdFWiUyRjIwMjUxMTIzJTJGZXUtY2VudHJhbC0xJTJGc3RzJTJGYXdzNF9yZXF1ZXN0JlgtQW16LURhdGU9MjAyNTExMjNUMTgwMjUzWiZYLUFtei1FeHBpcmVzPTAmWC1BbXotU2lnbmVkSGVhZGVycz1ob3N0JTNCeC1rOHMtYXdzLWlkJlgtQW16LVNpZ25hdHVyZT00N2VhZGZjNjExZDVkMjUzYTFmYTVkZGM0ZTg1ZjQxNjllM2NmNDE4YjhhOWEzZmRlYWU3OGJmNmVmNWMzNjZh"
          },
          "sensitive_attributes": [
            [
              {
                "type": "get_attr",
                "value": "token"
              }
            ]
          ],
          "identity_schema_version": 0
        }
      ]
    },
    {
      "module": "module.argo_cd",
      "mode": "data",
      "type": "kubernetes_secret",
      "name": "argocd_admin",
      "provider": "provider[\"registry.terraform.io/hashicorp/kubernetes\"]",
      "instances": [
        {
          "schema_version": 0,
          "attributes": {
            "binary_data": null,
            "data": {
              "password": "Q2Sdc5fkR3sv2Xjx"
            },
            "id": "argocd/argocd-initial-admin-secret",
            "immutable": false,
            "metadata": [
              {
                "annotations": {},
                "generate_name": "",
                "generation": 0,
                "labels": {},
                "name": "argocd-initial-admin-secret",
                "namespace": "argocd",
                "resource_version": "55617",
                "uid": "cea001cf-79ee-413b-9b91-aba25c5cace5"
              }
            ],
            "type": "Opaque"
          },
          "sensitive_attributes": [
            [
              {
                "type": "get_attr",
                "value": "binary_data"
              }
            ],
            [
              {
                "type": "get_attr",
                "value": "data"
              }
            ]
          ],
          "identity_schema_version": 0
        }
      ]
    },
    {
      "module": "module.argo_cd",
      "mode": "data",
      "type": "kubernetes_service",
      "name": "argocd_server",
      "provider": "provider[\"registry.terraform.io/hashicorp/kubernetes\"]",
      "instances": [
        {
          "schema_version": 0,
          "attributes": {
            "id": "argocd/argocd-server",
            "metadata": [
              {
                "annotations": {
                  "meta.helm.sh/release-name": "argocd",
                  "meta.helm.sh/release-namespace": "argocd"
                },
                "generation": 0,
                "labels": {
                  "app.kubernetes.io/component": "server",
                  "app.kubernetes.io/instance": "argocd",
                  "app.kubernetes.io/managed-by": "Helm",
                  "app.kubernetes.io/name": "argocd-server",
                  "app.kubernetes.io/part-of": "argocd",
                  "app.kubernetes.io/version": "v2.12.6",
                  "helm.sh/chart": "argo-cd-7.6.12"
                },
                "name": "argocd-server",
                "namespace": "argocd",
                "resource_version": "55520",
                "uid": "19e97dee-3a15-40f5-835c-bd019730d93e"
              }
            ],
            "spec": [
              {
                "allocate_load_balancer_node_ports": true,
                "cluster_ip": "172.20.179.122",
                "cluster_ips": [
                  "172.20.179.122"
                ],
                "external_ips": [],
                "external_name": "",
                "external_traffic_policy": "",
                "health_check_node_port": 0,
                "internal_traffic_policy": "Cluster",
                "ip_families": [
                  "IPv4"
                ],
                "ip_family_policy": "SingleStack",
                "load_balancer_class": "",
                "load_balancer_ip": "",
                "load_balancer_source_ranges": [],
                "port": [
                  {
                    "app_protocol": "",
                    "name": "http",
                    "node_port": 0,
                    "port": 80,
                    "protocol": "TCP",
                    "target_port": "8080"
                  },
                  {
                    "app_protocol": "",
                    "name": "https",
                    "node_port": 0,
                    "port": 443,
                    "protocol": "TCP",
                    "target_port": "8080"
                  }
                ],
                "publish_not_ready_addresses": false,
                "selector": {
                  "app.kubernetes.io/instance": "argocd",
                  "app.kubernetes.io/name": "argocd-server"
                },
                "session_affinity": "None",
                "session_affinity_config": [],
                "type": "ClusterIP"
              }
            ],
            "status": [
              {
                "load_balancer": [
                  {
                    "ingress": []
                  }
                ]
              }
            ]
          },
          "sensitive_attributes": [],
          "identity_schema_version": 0
        }
      ]
    },
    {
      "module": "module.argo_cd",
      "mode": "managed",
      "type": "helm_release",
      "name": "argocd",
      "provider": "provider[\"registry.terraform.io/hashicorp/helm\"]",
      "instances": [
        {
          "schema_version": 1,
          "attributes": {
            "atomic": false,
            "chart": "argo-cd",
            "cleanup_on_fail": false,
            "create_namespace": false,
            "dependency_update": false,
            "description": null,
            "devel": null,
            "disable_crd_hooks": false,
            "disable_openapi_validation": false,
            "disable_webhooks": false,
            "force_update": false,
            "id": "argocd",
            "keyring": null,
            "lint": false,
            "manifest": null,
            "max_history": 0,
            "metadata": [
              {
                "app_version": "v2.12.6",
                "chart": "argo-cd",
                "first_deployed": 1763920862,
                "last_deployed": 1763920862,
                "name": "argocd",
                "namespace": "argocd",
                "notes": "In order to access the server UI you have the following options:\n\n1. kubectl port-forward service/argocd-server -n argocd 8080:443\n\n    and then open the browser on http://localhost:8080 and accept the certificate\n\n2. enable ingress in the values file `server.ingress.enabled` and either\n      - Add the annotation for ssl passthrough: https://argo-cd.readthedocs.io/en/stable/operator-manual/ingress/#option-1-ssl-passthrough\n      - Set the `configs.params.\"server.insecure\"` in the values file and terminate SSL at your ingress: https://argo-cd.readthedocs.io/en/stable/operator-manual/ingress/#option-2-multiple-ingress-objects-and-hosts\n\n\nAfter reaching the UI the first time you can login with username: admin and the random password generated during the installation. You can find the password by running:\n\nkubectl -n argocd get secret argocd-initial-admin-secret -o jsonpath=\"{.data.password}\" | base64 -d\n\n(You should delete the initial secret afterwards as suggested by the Getting Started Guide: https://argo-cd.readthedocs.io/en/stable/getting_started/#4-login-using-the-cli)\n",
                "revision": 1,
                "values": "{\"configs\":{\"params\":{\"server.insecure\":\"true\"}},\"dex\":{\"enabled\":false},\"notifications\":{\"enabled\":false},\"server\":{\"service\":{\"port\":443,\"type\":\"ClusterIP\"}}}",
                "version": "7.6.12"
              }
            ],
            "name": "argocd",
            "namespace": "argocd",
            "pass_credentials": false,
            "postrender": [],
            "recreate_pods": false,
            "render_subchart_notes": true,
            "replace": false,
            "repository": "https://argoproj.github.io/argo-helm",
            "repository_ca_file": null,
            "repository_cert_file": null,
            "repository_key_file": null,
            "repository_password": null,
            "repository_username": null,
            "reset_values": false,
            "reuse_values": false,
            "set": [],
            "set_list": [],
            "set_sensitive": [],
            "skip_crds": false,
            "status": "deployed",
            "timeout": 600,
            "upgrade_install": null,
            "values": [
              "configs:\n  params:\n    server.insecure: \"true\"\n\nserver:\n  service:\n    type: ClusterIP\n    port: 443\n\ndex:\n  enabled: false\n\nnotifications:\n  enabled: false"
            ],
            "verify": false,
            "version": "7.6.12",
            "wait": false,
            "wait_for_jobs": false
          },
          "sensitive_attributes": [
            [
              {
                "type": "get_attr",
                "value": "repository_password"
              }
            ]
          ],
          "identity_schema_version": 0,
          "private": "eyJzY2hlbWFfdmVyc2lvbiI6IjEifQ==",
          "dependencies": [
            "data.aws_eks_cluster.this",
            "data.aws_eks_cluster_auth.this",
            "module.argo_cd.kubernetes_namespace.argocd",
            "module.eks.aws_eks_addon.aws_ebs_csi_driver",
            "module.eks.aws_eks_cluster.this",
            "module.eks.aws_eks_node_group.this",
            "module.eks.aws_iam_openid_connect_provider.oidc",
            "module.eks.aws_iam_role.cluster_role",
            "module.eks.aws_iam_role.ebs_csi_irsa_role",
            "module.eks.aws_iam_role.eks",
            "module.eks.aws_iam_role.node_role",
            "module.eks.aws_iam_role_policy_attachment.cluster_AmazonEKSClusterPolicy",
            "module.eks.aws_iam_role_policy_attachment.cluster_AmazonEKSVPCResourceController",
            "module.eks.aws_iam_role_policy_attachment.ebs_irsa_policy",
            "module.eks.aws_iam_role_policy_attachment.eks",
            "module.eks.aws_iam_role_policy_attachment.node_AmazonEC2ContainerRegistryReadOnly",
            "module.eks.aws_iam_role_policy_attachment.node_AmazonEKSWorkerNodePolicy",
            "module.eks.aws_iam_role_policy_attachment.node_AmazonEKS_CNI_Policy",
            "module.eks.aws_security_group.cluster_sg",
            "module.vpc.aws_subnet.private",
            "module.vpc.aws_vpc.this"
          ]
        }
      ]
    },
    {
      "module": "module.argo_cd",
      "mode": "managed",
      "type": "kubernetes_namespace",
      "name": "argocd",
      "provider": "provider[\"registry.terraform.io/hashicorp/kubernetes\"]",
      "instances": [
        {
          "schema_version": 0,
          "attributes": {
            "id": "argocd",
            "metadata": [
              {
                "annotations": {},
                "generate_name": "",
                "generation": 0,
                "labels": {},
                "name": "argocd",
                "resource_version": "55366",
                "uid": "125e0f10-11c5-4cc2-be52-f858693a23c0"
              }
            ],
            "timeouts": null,
            "wait_for_default_service_account": false
          },
          "sensitive_attributes": [],
          "identity_schema_version": 1,
          "identity": {
            "api_version": "v1",
            "kind": "Namespace",
            "name": "argocd"
          },
          "private": "eyJlMmJmYjczMC1lY2FhLTExZTYtOGY4OC0zNDM2M2JjN2M0YzAiOnsiZGVsZXRlIjozMDAwMDAwMDAwMDB9fQ==",
          "dependencies": [
            "data.aws_eks_cluster.this",
            "data.aws_eks_cluster_auth.this",
            "module.eks.aws_eks_addon.aws_ebs_csi_driver",
            "module.eks.aws_eks_cluster.this",
            "module.eks.aws_eks_node_group.this",
            "module.eks.aws_iam_openid_connect_provider.oidc",
            "module.eks.aws_iam_role.cluster_role",
            "module.eks.aws_iam_role.ebs_csi_irsa_role",
            "module.eks.aws_iam_role.eks",
            "module.eks.aws_iam_role.node_role",
            "module.eks.aws_iam_role_policy_attachment.cluster_AmazonEKSClusterPolicy",
            "module.eks.aws_iam_role_policy_attachment.cluster_AmazonEKSVPCResourceController",
            "module.eks.aws_iam_role_policy_attachment.ebs_irsa_policy",
            "module.eks.aws_iam_role_policy_attachment.eks",
            "module.eks.aws_iam_role_policy_attachment.node_AmazonEC2ContainerRegistryReadOnly",
            "module.eks.aws_iam_role_policy_attachment.node_AmazonEKSWorkerNodePolicy",
            "module.eks.aws_iam_role_policy_attachment.node_AmazonEKS_CNI_Policy",
            "module.eks.aws_security_group.cluster_sg",
            "module.vpc.aws_subnet.private",
            "module.vpc.aws_vpc.this"
          ]
        }
      ]
    },
    {
      "module": "module.ecr",
      "mode": "managed",
      "type": "aws_ecr_repository",
      "name": "this",
      "provider": "provider[\"registry.terraform.io/hashicorp/aws\"]",
      "instances": [
        {
          "schema_version": 0,
          "attributes": {
            "arn": "arn:aws:ecr:eu-central-1:764520352358:repository/devops-final-mykola-dev-django-app",
            "encryption_configuration": [
              {
                "encryption_type": "AES256",
                "kms_key": ""
              }
            ],
            "force_delete": null,
            "id": "devops-final-mykola-dev-django-app",
            "image_scanning_configuration": [
              {
                "scan_on_push": true
              }
            ],
            "image_tag_mutability": "MUTABLE",
            "name": "devops-final-mykola-dev-django-app",
            "registry_id": "764520352358",
            "repository_url": "764520352358.dkr.ecr.eu-central-1.amazonaws.com/devops-final-mykola-dev-django-app",
            "tags": {
              "Environment": "dev",
              "Name": "devops-final-mykola-dev-django-app"
            },
            "tags_all": {
              "Environment": "dev",
              "Name": "devops-final-mykola-dev-django-app"
            },
            "timeouts": null
          },
          "sensitive_attributes": [],
          "identity_schema_version": 0,
          "private": "eyJlMmJmYjczMC1lY2FhLTExZTYtOGY4OC0zNDM2M2JjN2M0YzAiOnsiZGVsZXRlIjoxMjAwMDAwMDAwMDAwfX0="
        }
      ]
    },
    {
      "module": "module.eks",
      "mode": "managed",
      "type": "aws_eks_addon",
      "name": "aws_ebs_csi_driver",
      "provider": "provider[\"registry.terraform.io/hashicorp/aws\"]",
      "instances": [
        {
          "schema_version": 0,
          "attributes": {
            "addon_name": "aws-ebs-csi-driver",
            "addon_version": "v1.41.0-eksbuild.1",
            "arn": "arn:aws:eks:eu-central-1:764520352358:addon/devops-final-mykola-dev-eks/aws-ebs-csi-driver/eecd58a6-2b15-3c49-b576-547a8ded70f3",
            "cluster_name": "devops-final-mykola-dev-eks",
            "configuration_values": "",
            "created_at": "2025-11-23T15:19:21Z",
            "id": "devops-final-mykola-dev-eks:aws-ebs-csi-driver",
            "modified_at": "2025-11-23T15:29:16Z",
            "pod_identity_association": [],
            "preserve": null,
            "resolve_conflicts": null,
            "resolve_conflicts_on_create": null,
            "resolve_conflicts_on_update": "PRESERVE",
            "service_account_role_arn": "arn:aws:iam::764520352358:role/devops-final-mykola-dev-eks-ebs-csi-irsa-role",
            "tags": {},
            "tags_all": {},
            "timeouts": null
          },
          "sensitive_attributes": [],
          "identity_schema_version": 0,
          "private": "eyJlMmJmYjczMC1lY2FhLTExZTYtOGY4OC0zNDM2M2JjN2M0YzAiOnsiY3JlYXRlIjoxMjAwMDAwMDAwMDAwLCJkZWxldGUiOjI0MDAwMDAwMDAwMDAsInVwZGF0ZSI6MTIwMDAwMDAwMDAwMH19",
          "dependencies": [
            "module.eks.aws_eks_cluster.this",
            "module.eks.aws_iam_openid_connect_provider.oidc",
            "module.eks.aws_iam_role.cluster_role",
            "module.eks.aws_iam_role.ebs_csi_irsa_role",
            "module.eks.aws_iam_role_policy_attachment.cluster_AmazonEKSClusterPolicy",
            "module.eks.aws_iam_role_policy_attachment.cluster_AmazonEKSVPCResourceController",
            "module.eks.aws_iam_role_policy_attachment.ebs_irsa_policy",
            "module.eks.aws_security_group.cluster_sg",
            "module.vpc.aws_subnet.private",
            "module.vpc.aws_vpc.this"
          ]
        }
      ]
    },
    {
      "module": "module.eks",
      "mode": "managed",
      "type": "aws_eks_cluster",
      "name": "this",
      "provider": "provider[\"registry.terraform.io/hashicorp/aws\"]",
      "instances": [
        {
          "schema_version": 1,
          "attributes": {
            "access_config": [
              {
                "authentication_mode": "CONFIG_MAP",
                "bootstrap_cluster_creator_admin_permissions": true
              }
            ],
            "arn": "arn:aws:eks:eu-central-1:764520352358:cluster/devops-final-mykola-dev-eks",
            "bootstrap_self_managed_addons": true,
            "certificate_authority": [
              {
                "data": "LS0tLS1CRUdJTiBDRVJUSUZJQ0FURS0tLS0tCk1JSURCVENDQWUyZ0F3SUJBZ0lJSzZnNFNqZXhneEF3RFFZSktvWklodmNOQVFFTEJRQXdGVEVUTUJFR0ExVUUKQXhNS2EzVmlaWEp1WlhSbGN6QWVGdzB5TlRFeE1qTXhNekV6TURCYUZ3MHpOVEV4TWpFeE16RTRNREJhTUJVeApFekFSQmdOVkJBTVRDbXQxWW1WeWJtVjBaWE13Z2dFaU1BMEdDU3FHU0liM0RRRUJBUVVBQTRJQkR3QXdnZ0VLCkFvSUJBUUMyMGx5VW1GcEYydVBqS3JVclpUemJNTmFZeE50ZUUxZUk3L04yaXJNWVRFOFZzNiswbDZ3U3Y5S1AKM0JRNXFxVHdSYS9rck40NFRKTDljWElKWWZsMEpPTldVdkxuN3hMVjl2ZVIvVVlwdCtKdFc0NldzWVkrY1c1UApIKzdxdXpRcWlpR3JrT21KNFNBYnR6ejB4bTV2TnpyZWJYZTU3VU9TaFFBMzlZcEpCM0F1L3l6UlNiWFVpbFNVClBTS0IwbG4yWWllMmZTRENWamZvd2VJYXI4MTdyYkxRL2RLc0F6VVdDbHJ5Ly9YaGZhckNvYVdhOC92VzF2eTIKcjZEangzN1pqMjZmc0RRcC9SUyttclhNUi9UR2VYbTRHOFBwd05xMDQ4K2FYVkE2cUxtbmhJVktmVldsNkhHYgpZNitnK3duTDZ5VzY1U0Ywc3U3c1JQZEJidG9MQWdNQkFBR2pXVEJYTUE0R0ExVWREd0VCL3dRRUF3SUNwREFQCkJnTlZIUk1CQWY4RUJUQURBUUgvTUIwR0ExVWREZ1FXQkJUd2JSQ3o3TDgxdmFkdStrZVVrdHF5S1UxcjFqQVYKQmdOVkhSRUVEakFNZ2dwcmRXSmxjbTVsZEdWek1BMEdDU3FHU0liM0RRRUJDd1VBQTRJQkFRQUZRd0UvbnQzSApRNjQ1aFY3LzBuajJyYWhoQlpzU1FsNmlBNHZVelM1UkxHYTBrYTVnY1QzdmJIVEhKdWpwSlE0d08wT3dnTzRZCnJ3VWpNT3JSbGorM21TajFSTGcvRlhJYkYxSDl6MWp0Z2Y0eDUwQ3NtcTlkWlBvQ2ZpZVA3cStLREpJUkl3ZmIKNUs5Slh5NHNwclozNHl5aGR6cEpnZ1VUNlZIZmhRVXVZWmRKalZBUFNlTkYrcDdVRjZHWnRjKy9MeE8vU0ppMAoxWTRKKzBjbUxWL0E0SU54alVxenJOUTY5aWlPSnMzQUR5STBLa2xXSElNVzNxRXl3TExZWHJxZnplb0ZPdEt2CjlDMjJwRTF5K1FxWExHaWRWSXRQUEVrRllxZDl0VENEVlRKMzlKSmxFRkVKMnVVZ3gxZjIvRjVaYnJmLzkzZFcKaFBqRWp4U2RyRDVICi0tLS0tRU5EIENFUlRJRklDQVRFLS0tLS0K"
              }
            ],
            "cluster_id": null,
            "compute_config": [],
            "created_at": "2025-11-23T13:12:26Z",
            "enabled_cluster_log_types": [],
            "encryption_config": [],
            "endpoint": "https://1D9B48E5C1632CC97A6BBCBCC260404D.gr7.eu-central-1.eks.amazonaws.com",
            "force_update_version": null,
            "id": "devops-final-mykola-dev-eks",
            "identity": [
              {
                "oidc": [
                  {
                    "issuer": "https://oidc.eks.eu-central-1.amazonaws.com/id/1D9B48E5C1632CC97A6BBCBCC260404D"
                  }
                ]
              }
            ],
            "kubernetes_network_config": [
              {
                "elastic_load_balancing": [
                  {
                    "enabled": false
                  }
                ],
                "ip_family": "ipv4",
                "service_ipv4_cidr": "172.20.0.0/16",
                "service_ipv6_cidr": ""
              }
            ],
            "name": "devops-final-mykola-dev-eks",
            "outpost_config": [],
            "platform_version": "eks.54",
            "remote_network_config": [],
            "role_arn": "arn:aws:iam::764520352358:role/devops-final-mykola-dev-eks-cluster-role",
            "status": "ACTIVE",
            "storage_config": [],
            "tags": {
              "Environment": "dev",
              "Name": "devops-final-mykola-dev-eks"
            },
            "tags_all": {
              "Environment": "dev",
              "Name": "devops-final-mykola-dev-eks"
            },
            "timeouts": null,
            "upgrade_policy": [
              {
                "support_type": "EXTENDED"
              }
            ],
            "version": "1.30",
            "vpc_config": [
              {
                "cluster_security_group_id": "sg-0fb406f1e3bc8cffd",
                "endpoint_private_access": false,
                "endpoint_public_access": true,
                "public_access_cidrs": [
                  "0.0.0.0/0"
                ],
                "security_group_ids": [
                  "sg-03706a0ef7c27efee"
                ],
                "subnet_ids": [
                  "subnet-0001e1d3d2d4966da",
                  "subnet-00844d30bd3aeb8a4"
                ],
                "vpc_id": "vpc-0c38fee4013a228ac"
              }
            ],
            "zonal_shift_config": []
          },
          "sensitive_attributes": [],
          "identity_schema_version": 0,
          "private": "eyJlMmJmYjczMC1lY2FhLTExZTYtOGY4OC0zNDM2M2JjN2M0YzAiOnsiY3JlYXRlIjoxODAwMDAwMDAwMDAwLCJkZWxldGUiOjkwMDAwMDAwMDAwMCwidXBkYXRlIjozNjAwMDAwMDAwMDAwfSwic2NoZW1hX3ZlcnNpb24iOiIxIn0=",
          "dependencies": [
            "module.eks.aws_iam_role.cluster_role",
            "module.eks.aws_iam_role_policy_attachment.cluster_AmazonEKSClusterPolicy",
            "module.eks.aws_iam_role_policy_attachment.cluster_AmazonEKSVPCResourceController",
            "module.eks.aws_security_group.cluster_sg",
            "module.vpc.aws_subnet.private",
            "module.vpc.aws_vpc.this"
          ]
        }
      ]
    },
    {
      "module": "module.eks",
      "mode": "managed",
      "type": "aws_eks_node_group",
      "name": "this",
      "provider": "provider[\"registry.terraform.io/hashicorp/aws\"]",
      "instances": [
        {
          "schema_version": 0,
          "attributes": {
            "ami_type": "AL2023_x86_64_STANDARD",
            "arn": "arn:aws:eks:eu-central-1:764520352358:nodegroup/devops-final-mykola-dev-eks/devops-final-mykola-dev-node-group/86cd58a9-eeef-e272-1995-4c81df6a535b",
            "capacity_type": "ON_DEMAND",
            "cluster_name": "devops-final-mykola-dev-eks",
            "disk_size": 20,
            "force_update_version": null,
            "id": "devops-final-mykola-dev-eks:devops-final-mykola-dev-node-group",
            "instance_types": [
              "t3.small"
            ],
            "labels": {},
            "launch_template": [],
            "node_group_name": "devops-final-mykola-dev-node-group",
            "node_group_name_prefix": "",
            "node_repair_config": [],
            "node_role_arn": "arn:aws:iam::764520352358:role/devops-final-mykola-dev-eks-node-role",
            "release_version": "1.30.14-20251120",
            "remote_access": [],
            "resources": [
              {
                "autoscaling_groups": [
                  {
                    "name": "eks-devops-final-mykola-dev-node-group-86cd58a9-eeef-e272-1995-4c81df6a535b"
                  }
                ],
                "remote_access_security_group_id": ""
              }
            ],
            "scaling_config": [
              {
                "desired_size": 2,
                "max_size": 3,
                "min_size": 1
              }
            ],
            "status": "ACTIVE",
            "subnet_ids": [
              "subnet-0001e1d3d2d4966da",
              "subnet-00844d30bd3aeb8a4"
            ],
            "tags": {
              "Environment": "dev",
              "Name": "devops-final-mykola-dev-node-group"
            },
            "tags_all": {
              "Environment": "dev",
              "Name": "devops-final-mykola-dev-node-group"
            },
            "taint": [],
            "timeouts": null,
            "update_config": [
              {
                "max_unavailable": 1,
                "max_unavailable_percentage": 0
              }
            ],
            "version": "1.30"
          },
          "sensitive_attributes": [],
          "identity_schema_version": 0,
          "private": "eyJlMmJmYjczMC1lY2FhLTExZTYtOGY4OC0zNDM2M2JjN2M0YzAiOnsiY3JlYXRlIjozNjAwMDAwMDAwMDAwLCJkZWxldGUiOjM2MDAwMDAwMDAwMDAsInVwZGF0ZSI6MzYwMDAwMDAwMDAwMH19",
          "dependencies": [
            "module.eks.aws_eks_cluster.this",
            "module.eks.aws_iam_role.cluster_role",
            "module.eks.aws_iam_role.node_role",
            "module.eks.aws_iam_role_policy_attachment.cluster_AmazonEKSClusterPolicy",
            "module.eks.aws_iam_role_policy_attachment.cluster_AmazonEKSVPCResourceController",
            "module.eks.aws_iam_role_policy_attachment.node_AmazonEC2ContainerRegistryReadOnly",
            "module.eks.aws_iam_role_policy_attachment.node_AmazonEKSWorkerNodePolicy",
            "module.eks.aws_iam_role_policy_attachment.node_AmazonEKS_CNI_Policy",
            "module.eks.aws_security_group.cluster_sg",
            "module.vpc.aws_subnet.private",
            "module.vpc.aws_vpc.this"
          ]
        }
      ]
    },
    {
      "module": "module.eks",
      "mode": "managed",
      "type": "aws_iam_openid_connect_provider",
      "name": "oidc",
      "provider": "provider[\"registry.terraform.io/hashicorp/aws\"]",
      "instances": [
        {
          "schema_version": 0,
          "attributes": {
            "arn": "arn:aws:iam::764520352358:oidc-provider/oidc.eks.eu-central-1.amazonaws.com/id/1D9B48E5C1632CC97A6BBCBCC260404D",
            "client_id_list": [
              "sts.amazonaws.com"
            ],
            "id": "arn:aws:iam::764520352358:oidc-provider/oidc.eks.eu-central-1.amazonaws.com/id/1D9B48E5C1632CC97A6BBCBCC260404D",
            "tags": {},
            "tags_all": {},
            "thumbprint_list": [
              "9e99a48a9960b14926bb7f3b02e22da0ecd6c6f9"
            ],
            "url": "oidc.eks.eu-central-1.amazonaws.com/id/1D9B48E5C1632CC97A6BBCBCC260404D"
          },
          "sensitive_attributes": [],
          "identity_schema_version": 0,
          "private": "bnVsbA==",
          "dependencies": [
            "module.eks.aws_eks_cluster.this",
            "module.eks.aws_iam_role.cluster_role",
            "module.eks.aws_iam_role_policy_attachment.cluster_AmazonEKSClusterPolicy",
            "module.eks.aws_iam_role_policy_attachment.cluster_AmazonEKSVPCResourceController",
            "module.eks.aws_security_group.cluster_sg",
            "module.vpc.aws_subnet.private",
            "module.vpc.aws_vpc.this"
          ]
        }
      ]
    },
    {
      "module": "module.eks",
      "mode": "managed",
      "type": "aws_iam_role",
      "name": "cluster_role",
      "provider": "provider[\"registry.terraform.io/hashicorp/aws\"]",
      "instances": [
        {
          "schema_version": 0,
          "attributes": {
            "arn": "arn:aws:iam::764520352358:role/devops-final-mykola-dev-eks-cluster-role",
            "assume_role_policy": "{\"Statement\":[{\"Action\":\"sts:AssumeRole\",\"Effect\":\"Allow\",\"Principal\":{\"Service\":\"eks.amazonaws.com\"}}],\"Version\":\"2012-10-17\"}",
            "create_date": "2025-11-23T13:08:33Z",
            "description": "",
            "force_detach_policies": false,
            "id": "devops-final-mykola-dev-eks-cluster-role",
            "inline_policy": [],
            "managed_policy_arns": [
              "arn:aws:iam::aws:policy/AmazonEKSClusterPolicy",
              "arn:aws:iam::aws:policy/AmazonEKSVPCResourceController"
            ],
            "max_session_duration": 3600,
            "name": "devops-final-mykola-dev-eks-cluster-role",
            "name_prefix": "",
            "path": "/",
            "permissions_boundary": "",
            "tags": {},
            "tags_all": {},
            "unique_id": "AROA3EAHWZJTG3UO6CZTF"
          },
          "sensitive_attributes": [],
          "identity_schema_version": 0,
          "private": "bnVsbA=="
        }
      ]
    },
    {
      "module": "module.eks",
      "mode": "managed",
      "type": "aws_iam_role",
      "name": "ebs_csi_irsa_role",
      "provider": "provider[\"registry.terraform.io/hashicorp/aws\"]",
      "instances": [
        {
          "schema_version": 0,
          "attributes": {
            "arn": "arn:aws:iam::764520352358:role/devops-final-mykola-dev-eks-ebs-csi-irsa-role",
            "assume_role_policy": "{\"Statement\":[{\"Action\":\"sts:AssumeRoleWithWebIdentity\",\"Condition\":{\"StringEquals\":{\"oidc.eks.eu-central-1.amazonaws.com/id/1D9B48E5C1632CC97A6BBCBCC260404D:sub\":\"system:serviceaccount:kube-system:ebs-csi-controller-sa\"}},\"Effect\":\"Allow\",\"Principal\":{\"Federated\":\"arn:aws:iam::764520352358:oidc-provider/oidc.eks.eu-central-1.amazonaws.com/id/1D9B48E5C1632CC97A6BBCBCC260404D\"}}],\"Version\":\"2008-10-17\"}",
            "create_date": "2025-11-23T15:00:32Z",
            "description": "",
            "force_detach_policies": false,
            "id": "devops-final-mykola-dev-eks-ebs-csi-irsa-role",
            "inline_policy": [],
            "managed_policy_arns": [
              "arn:aws:iam::aws:policy/service-role/AmazonEBSCSIDriverPolicy"
            ],
            "max_session_duration": 3600,
            "name": "devops-final-mykola-dev-eks-ebs-csi-irsa-role",
            "name_prefix": "",
            "path": "/",
            "permissions_boundary": "",
            "tags": {},
            "tags_all": {},
            "unique_id": "AROA3EAHWZJTEKXEF5KCW"
          },
          "sensitive_attributes": [],
          "identity_schema_version": 0,
          "private": "bnVsbA==",
          "dependencies": [
            "module.eks.aws_eks_cluster.this",
            "module.eks.aws_iam_openid_connect_provider.oidc",
            "module.eks.aws_iam_role.cluster_role",
            "module.eks.aws_iam_role_policy_attachment.cluster_AmazonEKSClusterPolicy",
            "module.eks.aws_iam_role_policy_attachment.cluster_AmazonEKSVPCResourceController",
            "module.eks.aws_security_group.cluster_sg",
            "module.vpc.aws_subnet.private",
            "module.vpc.aws_vpc.this"
          ]
        }
      ]
    },
    {
      "module": "module.eks",
      "mode": "managed",
      "type": "aws_iam_role",
      "name": "eks",
      "provider": "provider[\"registry.terraform.io/hashicorp/aws\"]",
      "instances": [
        {
          "schema_version": 0,
          "attributes": {
            "arn": "arn:aws:iam::764520352358:role/devops-final-mykola-dev-eks-eks-cluster",
            "assume_role_policy": "{\"Statement\":[{\"Action\":\"sts:AssumeRole\",\"Effect\":\"Allow\",\"Principal\":{\"Service\":\"eks.amazonaws.com\"}}],\"Version\":\"2012-10-17\"}",
            "create_date": "2025-11-23T13:08:33Z",
            "description": "",
            "force_detach_policies": false,
            "id": "devops-final-mykola-dev-eks-eks-cluster",
            "inline_policy": [],
            "managed_policy_arns": [
              "arn:aws:iam::aws:policy/AmazonEKSClusterPolicy"
            ],
            "max_session_duration": 3600,
            "name": "devops-final-mykola-dev-eks-eks-cluster",
            "name_prefix": "",
            "path": "/",
            "permissions_boundary": "",
            "tags": {},
            "tags_all": {},
            "unique_id": "AROA3EAHWZJTCK5D4TRLN"
          },
          "sensitive_attributes": [],
          "identity_schema_version": 0,
          "private": "bnVsbA=="
        }
      ]
    },
    {
      "module": "module.eks",
      "mode": "managed",
      "type": "aws_iam_role",
      "name": "node_role",
      "provider": "provider[\"registry.terraform.io/hashicorp/aws\"]",
      "instances": [
        {
          "schema_version": 0,
          "attributes": {
            "arn": "arn:aws:iam::764520352358:role/devops-final-mykola-dev-eks-node-role",
            "assume_role_policy": "{\"Statement\":[{\"Action\":\"sts:AssumeRole\",\"Effect\":\"Allow\",\"Principal\":{\"Service\":\"ec2.amazonaws.com\"}}],\"Version\":\"2012-10-17\"}",
            "create_date": "2025-11-23T13:08:33Z",
            "description": "",
            "force_detach_policies": false,
            "id": "devops-final-mykola-dev-eks-node-role",
            "inline_policy": [],
            "managed_policy_arns": [
              "arn:aws:iam::aws:policy/AmazonEC2ContainerRegistryReadOnly",
              "arn:aws:iam::aws:policy/AmazonEKSWorkerNodePolicy",
              "arn:aws:iam::aws:policy/AmazonEKS_CNI_Policy"
            ],
            "max_session_duration": 3600,
            "name": "devops-final-mykola-dev-eks-node-role",
            "name_prefix": "",
            "path": "/",
            "permissions_boundary": "",
            "tags": {},
            "tags_all": {},
            "unique_id": "AROA3EAHWZJTBC67A5XMB"
          },
          "sensitive_attributes": [],
          "identity_schema_version": 0,
          "private": "bnVsbA=="
        }
      ]
    },
    {
      "module": "module.eks",
      "mode": "managed",
      "type": "aws_iam_role_policy_attachment",
      "name": "cluster_AmazonEKSClusterPolicy",
      "provider": "provider[\"registry.terraform.io/hashicorp/aws\"]",
      "instances": [
        {
          "schema_version": 0,
          "attributes": {
            "id": "devops-final-mykola-dev-eks-cluster-role-20251123130833788000000002",
            "policy_arn": "arn:aws:iam::aws:policy/AmazonEKSClusterPolicy",
            "role": "devops-final-mykola-dev-eks-cluster-role"
          },
          "sensitive_attributes": [],
          "identity_schema_version": 0,
          "private": "bnVsbA==",
          "dependencies": [
            "module.eks.aws_iam_role.cluster_role"
          ]
        }
      ]
    },
    {
      "module": "module.eks",
      "mode": "managed",
      "type": "aws_iam_role_policy_attachment",
      "name": "cluster_AmazonEKSVPCResourceController",
      "provider": "provider[\"registry.terraform.io/hashicorp/aws\"]",
      "instances": [
        {
          "schema_version": 0,
          "attributes": {
            "id": "devops-final-mykola-dev-eks-cluster-role-20251123131223529400000001",
            "policy_arn": "arn:aws:iam::aws:policy/AmazonEKSVPCResourceController",
            "role": "devops-final-mykola-dev-eks-cluster-role"
          },
          "sensitive_attributes": [],
          "identity_schema_version": 0,
          "private": "bnVsbA==",
          "dependencies": [
            "module.eks.aws_iam_role.cluster_role"
          ]
        }
      ]
    },
    {
      "module": "module.eks",
      "mode": "managed",
      "type": "aws_iam_role_policy_attachment",
      "name": "ebs_irsa_policy",
      "provider": "provider[\"registry.terraform.io/hashicorp/aws\"]",
      "instances": [
        {
          "schema_version": 0,
          "attributes": {
            "id": "devops-final-mykola-dev-eks-ebs-csi-irsa-role-20251123150033528600000002",
            "policy_arn": "arn:aws:iam::aws:policy/service-role/AmazonEBSCSIDriverPolicy",
            "role": "devops-final-mykola-dev-eks-ebs-csi-irsa-role"
          },
          "sensitive_attributes": [],
          "identity_schema_version": 0,
          "private": "bnVsbA==",
          "dependencies": [
            "module.eks.aws_eks_cluster.this",
            "module.eks.aws_iam_openid_connect_provider.oidc",
            "module.eks.aws_iam_role.cluster_role",
            "module.eks.aws_iam_role.ebs_csi_irsa_role",
            "module.eks.aws_iam_role_policy_attachment.cluster_AmazonEKSClusterPolicy",
            "module.eks.aws_iam_role_policy_attachment.cluster_AmazonEKSVPCResourceController",
            "module.eks.aws_security_group.cluster_sg",
            "module.vpc.aws_subnet.private",
            "module.vpc.aws_vpc.this"
          ]
        }
      ]
    },
    {
      "module": "module.eks",
      "mode": "managed",
      "type": "aws_iam_role_policy_attachment",
      "name": "eks",
      "provider": "provider[\"registry.terraform.io/hashicorp/aws\"]",
      "instances": [
        {
          "schema_version": 0,
          "attributes": {
            "id": "devops-final-mykola-dev-eks-eks-cluster-20251123130833789900000003",
            "policy_arn": "arn:aws:iam::aws:policy/AmazonEKSClusterPolicy",
            "role": "devops-final-mykola-dev-eks-eks-cluster"
          },
          "sensitive_attributes": [],
          "identity_schema_version": 0,
          "private": "bnVsbA==",
          "dependencies": [
            "module.eks.aws_iam_role.eks"
          ]
        }
      ]
    },
    {
      "module": "module.eks",
      "mode": "managed",
      "type": "aws_iam_role_policy_attachment",
      "name": "node_AmazonEC2ContainerRegistryReadOnly",
      "provider": "provider[\"registry.terraform.io/hashicorp/aws\"]",
      "instances": [
        {
          "schema_version": 0,
          "attributes": {
            "id": "devops-final-mykola-dev-eks-node-role-20251123130833960500000005",
            "policy_arn": "arn:aws:iam::aws:policy/AmazonEC2ContainerRegistryReadOnly",
            "role": "devops-final-mykola-dev-eks-node-role"
          },
          "sensitive_attributes": [],
          "identity_schema_version": 0,
          "private": "bnVsbA==",
          "dependencies": [
            "module.eks.aws_iam_role.node_role"
          ]
        }
      ]
    },
    {
      "module": "module.eks",
      "mode": "managed",
      "type": "aws_iam_role_policy_attachment",
      "name": "node_AmazonEKSWorkerNodePolicy",
      "provider": "provider[\"registry.terraform.io/hashicorp/aws\"]",
      "instances": [
        {
          "schema_version": 0,
          "attributes": {
            "id": "devops-final-mykola-dev-eks-node-role-20251123130833785200000001",
            "policy_arn": "arn:aws:iam::aws:policy/AmazonEKSWorkerNodePolicy",
            "role": "devops-final-mykola-dev-eks-node-role"
          },
          "sensitive_attributes": [],
          "identity_schema_version": 0,
          "private": "bnVsbA==",
          "dependencies": [
            "module.eks.aws_iam_role.node_role"
          ]
        }
      ]
    },
    {
      "module": "module.eks",
      "mode": "managed",
      "type": "aws_iam_role_policy_attachment",
      "name": "node_AmazonEKS_CNI_Policy",
      "provider": "provider[\"registry.terraform.io/hashicorp/aws\"]",
      "instances": [
        {
          "schema_version": 0,
          "attributes": {
            "id": "devops-final-mykola-dev-eks-node-role-20251123130833942900000004",
            "policy_arn": "arn:aws:iam::aws:policy/AmazonEKS_CNI_Policy",
            "role": "devops-final-mykola-dev-eks-node-role"
          },
          "sensitive_attributes": [],
          "identity_schema_version": 0,
          "private": "bnVsbA==",
          "dependencies": [
            "module.eks.aws_iam_role.node_role"
          ]
        }
      ]
    },
    {
      "module": "module.eks",
      "mode": "managed",
      "type": "aws_security_group",
      "name": "cluster_sg",
      "provider": "provider[\"registry.terraform.io/hashicorp/aws\"]",
      "instances": [
        {
          "schema_version": 1,
          "attributes": {
            "arn": "arn:aws:ec2:eu-central-1:764520352358:security-group/sg-03706a0ef7c27efee",
            "description": "EKS cluster security group",
            "egress": [
              {
                "cidr_blocks": [
                  "0.0.0.0/0"
                ],
                "description": "",
                "from_port": 0,
                "ipv6_cidr_blocks": [],
                "prefix_list_ids": [],
                "protocol": "-1",
                "security_groups": [],
                "self": false,
                "to_port": 0
              }
            ],
            "id": "sg-03706a0ef7c27efee",
            "ingress": [
              {
                "cidr_blocks": [],
                "description": "",
                "from_port": 0,
                "ipv6_cidr_blocks": [],
                "prefix_list_ids": [],
                "protocol": "-1",
                "security_groups": [],
                "self": true,
                "to_port": 0
              }
            ],
            "name": "devops-final-mykola-dev-eks-cluster-sg",
            "name_prefix": "",
            "owner_id": "764520352358",
            "revoke_rules_on_delete": false,
            "tags": {
              "Environment": "dev",
              "Name": "devops-final-mykola-dev-eks-cluster-sg"
            },
            "tags_all": {
              "Environment": "dev",
              "Name": "devops-final-mykola-dev-eks-cluster-sg"
            },
            "timeouts": null,
            "vpc_id": "vpc-0c38fee4013a228ac"
          },
          "sensitive_attributes": [],
          "identity_schema_version": 0,
          "private": "eyJlMmJmYjczMC1lY2FhLTExZTYtOGY4OC0zNDM2M2JjN2M0YzAiOnsiY3JlYXRlIjo2MDAwMDAwMDAwMDAsImRlbGV0ZSI6OTAwMDAwMDAwMDAwfSwic2NoZW1hX3ZlcnNpb24iOiIxIn0=",
          "dependencies": [
            "module.vpc.aws_vpc.this"
          ]
        }
      ]
    },
    {
      "module": "module.jenkins",
      "mode": "data",
      "type": "kubernetes_secret",
      "name": "jenkins_admin",
      "provider": "provider[\"registry.terraform.io/hashicorp/kubernetes\"]",
      "instances": [
        {
          "schema_version": 0,
          "attributes": {
            "binary_data": null,
            "data": {
              "jenkins-admin-password": "admin123",
              "jenkins-admin-user": "admin"
            },
            "id": "jenkins/jenkins",
            "immutable": false,
            "metadata": [
              {
                "annotations": {
                  "meta.helm.sh/release-name": "jenkins",
                  "meta.helm.sh/release-namespace": "jenkins"
                },
                "generate_name": "",
                "generation": 0,
                "labels": {
                  "app.kubernetes.io/component": "jenkins-controller",
                  "app.kubernetes.io/instance": "jenkins",
                  "app.kubernetes.io/managed-by": "Helm",
                  "app.kubernetes.io/name": "jenkins",
                  "helm.sh/chart": "jenkins-5.5.7"
                },
                "name": "jenkins",
                "namespace": "jenkins",
                "resource_version": "52883",
                "uid": "45ccb058-d999-4ec6-a082-e0d4a2d38b7b"
              }
            ],
            "type": "Opaque"
          },
          "sensitive_attributes": [
            [
              {
                "type": "get_attr",
                "value": "binary_data"
              }
            ],
            [
              {
                "type": "get_attr",
                "value": "data"
              }
            ]
          ],
          "identity_schema_version": 0
        }
      ]
    },
    {
      "module": "module.jenkins",
      "mode": "data",
      "type": "kubernetes_service",
      "name": "jenkins",
      "provider": "provider[\"registry.terraform.io/hashicorp/kubernetes\"]",
      "instances": [
        {
          "schema_version": 0,
          "attributes": {
            "id": "jenkins/jenkins",
            "metadata": [
              {
                "annotations": {
                  "meta.helm.sh/release-name": "jenkins",
                  "meta.helm.sh/release-namespace": "jenkins"
                },
                "generation": 0,
                "labels": {
                  "app.kubernetes.io/component": "jenkins-controller",
                  "app.kubernetes.io/instance": "jenkins",
                  "app.kubernetes.io/managed-by": "Helm",
                  "app.kubernetes.io/name": "jenkins",
                  "helm.sh/chart": "jenkins-5.5.7"
                },
                "name": "jenkins",
                "namespace": "jenkins",
                "resource_version": "52891",
                "uid": "47a40a7d-56b3-45a6-a7b7-b2559f5f62cd"
              }
            ],
            "spec": [
              {
                "allocate_load_balancer_node_ports": true,
                "cluster_ip": "172.20.129.220",
                "cluster_ips": [
                  "172.20.129.220"
                ],
                "external_ips": [],
                "external_name": "",
                "external_traffic_policy": "",
                "health_check_node_port": 0,
                "internal_traffic_policy": "Cluster",
                "ip_families": [
                  "IPv4"
                ],
                "ip_family_policy": "SingleStack",
                "load_balancer_class": "",
                "load_balancer_ip": "",
                "load_balancer_source_ranges": [],
                "port": [
                  {
                    "app_protocol": "",
                    "name": "http",
                    "node_port": 0,
                    "port": 8080,
                    "protocol": "TCP",
                    "target_port": "8080"
                  }
                ],
                "publish_not_ready_addresses": false,
                "selector": {
                  "app.kubernetes.io/component": "jenkins-controller",
                  "app.kubernetes.io/instance": "jenkins"
                },
                "session_affinity": "None",
                "session_affinity_config": [],
                "type": "ClusterIP"
              }
            ],
            "status": [
              {
                "load_balancer": [
                  {
                    "ingress": []
                  }
                ]
              }
            ]
          },
          "sensitive_attributes": [],
          "identity_schema_version": 0
        }
      ]
    },
    {
      "module": "module.jenkins",
      "mode": "managed",
      "type": "helm_release",
      "name": "jenkins",
      "provider": "provider[\"registry.terraform.io/hashicorp/helm\"]",
      "instances": [
        {
          "schema_version": 1,
          "attributes": {
            "atomic": false,
            "chart": "jenkins",
            "cleanup_on_fail": false,
            "create_namespace": false,
            "dependency_update": false,
            "description": null,
            "devel": null,
            "disable_crd_hooks": false,
            "disable_openapi_validation": false,
            "disable_webhooks": false,
            "force_update": false,
            "id": "jenkins",
            "keyring": null,
            "lint": false,
            "manifest": null,
            "max_history": 0,
            "metadata": [
              {
                "app_version": "2.462.1",
                "chart": "jenkins",
                "first_deployed": 1763920196,
                "last_deployed": 1763920407,
                "name": "jenkins",
                "namespace": "jenkins",
                "notes": "1. Get your 'admin' user password by running:\n  kubectl exec --namespace jenkins -it svc/jenkins -c jenkins -- /bin/cat /run/secrets/additional/chart-admin-password \u0026\u0026 echo\n2. Get the Jenkins URL to visit by running these commands in the same shell:\n  echo http://127.0.0.1:8080\n  kubectl --namespace jenkins port-forward svc/jenkins 8080:8080\n\n3. Login with the password from step 1 and the username: admin\n4. Configure security realm and authorization strategy\n5. Use Jenkins Configuration as Code by specifying configScripts in your values.yaml file, see documentation: http://127.0.0.1:8080/configuration-as-code and examples: https://github.com/jenkinsci/configuration-as-code-plugin/tree/master/demos\n\nFor more information on running Jenkins on Kubernetes, visit:\nhttps://cloud.google.com/solutions/jenkins-on-container-engine\n\nFor more information about Jenkins Configuration as Code, visit:\nhttps://jenkins.io/projects/jcasc/\n\n\nNOTE: Consider using a custom image with pre-installed plugins\n#################################################################################\n######   WARNING: Persistence is disabled!!! You will lose your data when   #####\n######            the Jenkins pod is terminated.                            #####\n#################################################################################\n",
                "revision": 2,
                "values": "{\"agent\":{\"enabled\":true},\"controller\":{\"admin\":{\"password\":\"(sensitive value)\",\"username\":\"admin\"},\"image\":{\"tag\":\"2.462.3-jdk17\"},\"installPlugins\":[],\"jenkinsUrlProtocol\":\"http\",\"resources\":{\"limits\":{\"cpu\":\"500m\",\"memory\":\"1Gi\"},\"requests\":{\"cpu\":\"200m\",\"memory\":\"512Mi\"}},\"serviceType\":\"ClusterIP\"},\"persistence\":{\"enabled\":false}}",
                "version": "5.5.7"
              }
            ],
            "name": "jenkins",
            "namespace": "jenkins",
            "pass_credentials": false,
            "postrender": [],
            "recreate_pods": false,
            "render_subchart_notes": true,
            "replace": false,
            "repository": "https://charts.jenkins.io",
            "repository_ca_file": null,
            "repository_cert_file": null,
            "repository_key_file": null,
            "repository_password": null,
            "repository_username": null,
            "reset_values": false,
            "reuse_values": false,
            "set": [
              {
                "name": "controller.admin.username",
                "type": "",
                "value": "admin"
              }
            ],
            "set_list": [],
            "set_sensitive": [
              {
                "name": "controller.admin.password",
                "type": "",
                "value": "admin123"
              }
            ],
            "skip_crds": false,
            "status": "deployed",
            "timeout": 600,
            "upgrade_install": null,
            "values": [
              "controller:\n  serviceType: ClusterIP\n  jenkinsUrlProtocol: http\n\n  image:\n    tag: \"2.462.3-jdk17\"\n\n  resources:\n    requests:\n      cpu: \"200m\"\n      memory: \"512Mi\"\n    limits:\n      cpu: \"500m\"\n      memory: \"1Gi\"\n\n  \n  installPlugins: []\n\npersistence:\n  enabled: false\n\nagent:\n  enabled: true"
            ],
            "verify": false,
            "version": "5.5.7",
            "wait": false,
            "wait_for_jobs": false
          },
          "sensitive_attributes": [
            [
              {
                "type": "get_attr",
                "value": "repository_password"
              }
            ],
            [
              {
                "type": "get_attr",
                "value": "set_sensitive"
              }
            ]
          ],
          "identity_schema_version": 0,
          "private": "eyJzY2hlbWFfdmVyc2lvbiI6IjEifQ==",
          "dependencies": [
            "data.aws_eks_cluster.this",
            "data.aws_eks_cluster_auth.this",
            "module.eks.aws_eks_addon.aws_ebs_csi_driver",
            "module.eks.aws_eks_cluster.this",
            "module.eks.aws_eks_node_group.this",
            "module.eks.aws_iam_openid_connect_provider.oidc",
            "module.eks.aws_iam_role.cluster_role",
            "module.eks.aws_iam_role.ebs_csi_irsa_role",
            "module.eks.aws_iam_role.eks",
            "module.eks.aws_iam_role.node_role",
            "module.eks.aws_iam_role_policy_attachment.cluster_AmazonEKSClusterPolicy",
            "module.eks.aws_iam_role_policy_attachment.cluster_AmazonEKSVPCResourceController",
            "module.eks.aws_iam_role_policy_attachment.ebs_irsa_policy",
            "module.eks.aws_iam_role_policy_attachment.eks",
            "module.eks.aws_iam_role_policy_attachment.node_AmazonEC2ContainerRegistryReadOnly",
            "module.eks.aws_iam_role_policy_attachment.node_AmazonEKSWorkerNodePolicy",
            "module.eks.aws_iam_role_policy_attachment.node_AmazonEKS_CNI_Policy",
            "module.eks.aws_security_group.cluster_sg",
            "module.jenkins.kubernetes_namespace.jenkins",
            "module.vpc.aws_subnet.private",
            "module.vpc.aws_vpc.this"
          ]
        }
      ]
    },
    {
      "module": "module.jenkins",
      "mode": "managed",
      "type": "kubernetes_namespace",
      "name": "jenkins",
      "provider": "provider[\"registry.terraform.io/hashicorp/kubernetes\"]",
      "instances": [
        {
          "schema_version": 0,
          "attributes": {
            "id": "jenkins",
            "metadata": [
              {
                "annotations": {},
                "generate_name": "",
                "generation": 0,
                "labels": {},
                "name": "jenkins",
                "resource_version": "52867",
                "uid": "ec1a3011-c386-428a-ae9e-07089192d080"
              }
            ],
            "timeouts": null,
            "wait_for_default_service_account": false
          },
          "sensitive_attributes": [],
          "identity_schema_version": 1,
          "identity": {
            "api_version": "v1",
            "kind": "Namespace",
            "name": "jenkins"
          },
          "private": "eyJlMmJmYjczMC1lY2FhLTExZTYtOGY4OC0zNDM2M2JjN2M0YzAiOnsiZGVsZXRlIjozMDAwMDAwMDAwMDB9fQ==",
          "dependencies": [
            "data.aws_eks_cluster.this",
            "data.aws_eks_cluster_auth.this",
            "module.eks.aws_eks_addon.aws_ebs_csi_driver",
            "module.eks.aws_eks_cluster.this",
            "module.eks.aws_eks_node_group.this",
            "module.eks.aws_iam_openid_connect_provider.oidc",
            "module.eks.aws_iam_role.cluster_role",
            "module.eks.aws_iam_role.ebs_csi_irsa_role",
            "module.eks.aws_iam_role.eks",
            "module.eks.aws_iam_role.node_role",
            "module.eks.aws_iam_role_policy_attachment.cluster_AmazonEKSClusterPolicy",
            "module.eks.aws_iam_role_policy_attachment.cluster_AmazonEKSVPCResourceController",
            "module.eks.aws_iam_role_policy_attachment.ebs_irsa_policy",
            "module.eks.aws_iam_role_policy_attachment.eks",
            "module.eks.aws_iam_role_policy_attachment.node_AmazonEC2ContainerRegistryReadOnly",
            "module.eks.aws_iam_role_policy_attachment.node_AmazonEKSWorkerNodePolicy",
            "module.eks.aws_iam_role_policy_attachment.node_AmazonEKS_CNI_Policy",
            "module.eks.aws_security_group.cluster_sg",
            "module.vpc.aws_subnet.private",
            "module.vpc.aws_vpc.this"
          ]
        }
      ]
    },
    {
      "module": "module.s3_backend",
      "mode": "managed",
      "type": "aws_dynamodb_table",
      "name": "tf_lock",
      "provider": "provider[\"registry.terraform.io/hashicorp/aws\"]",
      "instances": [
        {
          "schema_version": 1,
          "attributes": {
            "arn": "arn:aws:dynamodb:eu-central-1:764520352358:table/devops-final-mykola-dev-tf-locks",
            "attribute": [
              {
                "name": "LockID",
                "type": "S"
              }
            ],
            "billing_mode": "PAY_PER_REQUEST",
            "deletion_protection_enabled": false,
            "global_secondary_index": [],
            "hash_key": "LockID",
            "id": "devops-final-mykola-dev-tf-locks",
            "import_table": [],
            "local_secondary_index": [],
            "name": "devops-final-mykola-dev-tf-locks",
            "on_demand_throughput": [],
            "point_in_time_recovery": [
              {
                "enabled": false,
                "recovery_period_in_days": 0
              }
            ],
            "range_key": null,
            "read_capacity": 0,
            "replica": [],
            "restore_date_time": null,
            "restore_source_name": null,
            "restore_source_table_arn": null,
            "restore_to_latest_time": null,
            "server_side_encryption": [],
            "stream_arn": "",
            "stream_enabled": false,
            "stream_label": "",
            "stream_view_type": "",
            "table_class": "STANDARD",
            "tags": {
              "Environment": "dev",
              "Name": "devops-final-mykola-tf-locks"
            },
            "tags_all": {
              "Environment": "dev",
              "Name": "devops-final-mykola-tf-locks"
            },
            "timeouts": null,
            "ttl": [
              {
                "attribute_name": "",
                "enabled": false
              }
            ],
            "write_capacity": 0
          },
          "sensitive_attributes": [],
          "identity_schema_version": 0,
          "private": "eyJlMmJmYjczMC1lY2FhLTExZTYtOGY4OC0zNDM2M2JjN2M0YzAiOnsiY3JlYXRlIjoxODAwMDAwMDAwMDAwLCJkZWxldGUiOjYwMDAwMDAwMDAwMCwidXBkYXRlIjozNjAwMDAwMDAwMDAwfSwic2NoZW1hX3ZlcnNpb24iOiIxIn0="
        }
      ]
    },
    {
      "module": "module.s3_backend",
      "mode": "managed",
      "type": "aws_s3_bucket",
      "name": "tf_state",
      "provider": "provider[\"registry.terraform.io/hashicorp/aws\"]",
      "instances": [
        {
          "schema_version": 0,
          "attributes": {
            "acceleration_status": "",
            "acl": null,
            "arn": "arn:aws:s3:::devops-final-mykola-dev-tf-state",
            "bucket": "devops-final-mykola-dev-tf-state",
            "bucket_domain_name": "devops-final-mykola-dev-tf-state.s3.amazonaws.com",
            "bucket_prefix": "",
            "bucket_regional_domain_name": "devops-final-mykola-dev-tf-state.s3.eu-central-1.amazonaws.com",
            "cors_rule": [],
            "force_destroy": false,
            "grant": [
              {
                "id": "82e1933535a44b36c92c843e6ec7919ce1f19ee3887846f9eb5d44a59224aa43",
                "permissions": [
                  "FULL_CONTROL"
                ],
                "type": "CanonicalUser",
                "uri": ""
              }
            ],
            "hosted_zone_id": "Z21DNDUVLTQW6Q",
            "id": "devops-final-mykola-dev-tf-state",
            "lifecycle_rule": [],
            "logging": [],
            "object_lock_configuration": [],
            "object_lock_enabled": false,
            "policy": "",
            "region": "eu-central-1",
            "replication_configuration": [],
            "request_payer": "BucketOwner",
            "server_side_encryption_configuration": [
              {
                "rule": [
                  {
                    "apply_server_side_encryption_by_default": [
                      {
                        "kms_master_key_id": "",
                        "sse_algorithm": "AES256"
                      }
                    ],
                    "bucket_key_enabled": false
                  }
                ]
              }
            ],
            "tags": {
              "Environment": "dev",
              "Name": "devops-final-mykola-tf-state"
            },
            "tags_all": {
              "Environment": "dev",
              "Name": "devops-final-mykola-tf-state"
            },
            "timeouts": null,
            "versioning": [
              {
                "enabled": true,
                "mfa_delete": false
              }
            ],
            "website": [],
            "website_domain": null,
            "website_endpoint": null
          },
          "sensitive_attributes": [],
          "identity_schema_version": 0,
          "private": "eyJlMmJmYjczMC1lY2FhLTExZTYtOGY4OC0zNDM2M2JjN2M0YzAiOnsiY3JlYXRlIjoxMjAwMDAwMDAwMDAwLCJkZWxldGUiOjM2MDAwMDAwMDAwMDAsInJlYWQiOjEyMDAwMDAwMDAwMDAsInVwZGF0ZSI6MTIwMDAwMDAwMDAwMH19"
        }
      ]
    },
    {
      "module": "module.s3_backend",
      "mode": "managed",
      "type": "aws_s3_bucket_versioning",
      "name": "tf_state_versioning",
      "provider": "provider[\"registry.terraform.io/hashicorp/aws\"]",
      "instances": [
        {
          "schema_version": 0,
          "attributes": {
            "bucket": "devops-final-mykola-dev-tf-state",
            "expected_bucket_owner": "",
            "id": "devops-final-mykola-dev-tf-state",
            "mfa": null,
            "versioning_configuration": [
              {
                "mfa_delete": "",
                "status": "Enabled"
              }
            ]
          },
          "sensitive_attributes": [],
          "identity_schema_version": 0,
          "private": "bnVsbA==",
          "dependencies": [
            "module.s3_backend.aws_s3_bucket.tf_state"
          ]
        }
      ]
    },
    {
      "module": "module.vpc",
      "mode": "managed",
      "type": "aws_eip",
      "name": "nat",
      "provider": "provider[\"registry.terraform.io/hashicorp/aws\"]",
      "instances": [
        {
          "schema_version": 0,
          "attributes": {
            "address": null,
            "allocation_id": "eipalloc-047e9a2c48a0259de",
            "arn": "arn:aws:ec2:eu-central-1:764520352358:elastic-ip/eipalloc-047e9a2c48a0259de",
            "associate_with_private_ip": null,
            "association_id": "eipassoc-0d7dc70bb17adb0cb",
            "carrier_ip": "",
            "customer_owned_ip": "",
            "customer_owned_ipv4_pool": "",
            "domain": "vpc",
            "id": "eipalloc-047e9a2c48a0259de",
            "instance": "",
            "ipam_pool_id": null,
            "network_border_group": "eu-central-1",
            "network_interface": "eni-08a6e079cf61c9e33",
            "private_dns": "ip-10-0-1-143.eu-central-1.compute.internal",
            "private_ip": "10.0.1.143",
            "ptr_record": "",
            "public_dns": "ec2-63-181-26-84.eu-central-1.compute.amazonaws.com",
            "public_ip": "63.181.26.84",
            "public_ipv4_pool": "amazon",
            "tags": {
              "Environment": "dev",
              "Name": "devops-final-mykola-dev-nat-eip"
            },
            "tags_all": {
              "Environment": "dev",
              "Name": "devops-final-mykola-dev-nat-eip"
            },
            "timeouts": null,
            "vpc": true
          },
          "sensitive_attributes": [],
          "identity_schema_version": 0,
          "private": "eyJlMmJmYjczMC1lY2FhLTExZTYtOGY4OC0zNDM2M2JjN2M0YzAiOnsiZGVsZXRlIjoxODAwMDAwMDAwMDAsInJlYWQiOjkwMDAwMDAwMDAwMCwidXBkYXRlIjozMDAwMDAwMDAwMDB9fQ=="
        }
      ]
    },
    {
      "module": "module.vpc",
      "mode": "managed",
      "type": "aws_internet_gateway",
      "name": "igw",
      "provider": "provider[\"registry.terraform.io/hashicorp/aws\"]",
      "instances": [
        {
          "schema_version": 0,
          "attributes": {
            "arn": "arn:aws:ec2:eu-central-1:764520352358:internet-gateway/igw-0ba30e899253eb5c8",
            "id": "igw-0ba30e899253eb5c8",
            "owner_id": "764520352358",
            "tags": {
              "Environment": "dev",
              "Name": "devops-final-mykola-dev-igw"
            },
            "tags_all": {
              "Environment": "dev",
              "Name": "devops-final-mykola-dev-igw"
            },
            "timeouts": null,
            "vpc_id": "vpc-0c38fee4013a228ac"
          },
          "sensitive_attributes": [],
          "identity_schema_version": 0,
          "private": "eyJlMmJmYjczMC1lY2FhLTExZTYtOGY4OC0zNDM2M2JjN2M0YzAiOnsiY3JlYXRlIjoxMjAwMDAwMDAwMDAwLCJkZWxldGUiOjEyMDAwMDAwMDAwMDAsInVwZGF0ZSI6MTIwMDAwMDAwMDAwMH19",
          "dependencies": [
            "module.vpc.aws_vpc.this"
          ]
        }
      ]
    },
    {
      "module": "module.vpc",
      "mode": "managed",
      "type": "aws_nat_gateway",
      "name": "nat",
      "provider": "provider[\"registry.terraform.io/hashicorp/aws\"]",
      "instances": [
        {
          "schema_version": 0,
          "attributes": {
            "allocation_id": "eipalloc-047e9a2c48a0259de",
            "association_id": "eipassoc-0d7dc70bb17adb0cb",
            "connectivity_type": "public",
            "id": "nat-08d176f351d49bd8a",
            "network_interface_id": "eni-08a6e079cf61c9e33",
            "private_ip": "10.0.1.143",
            "public_ip": "63.181.26.84",
            "secondary_allocation_ids": [],
            "secondary_private_ip_address_count": 0,
            "secondary_private_ip_addresses": [],
            "subnet_id": "subnet-05663aeebdc381b8a",
            "tags": {
              "Environment": "dev",
              "Name": "devops-final-mykola-dev-nat"
            },
            "tags_all": {
              "Environment": "dev",
              "Name": "devops-final-mykola-dev-nat"
            },
            "timeouts": null
          },
          "sensitive_attributes": [],
          "identity_schema_version": 0,
          "private": "eyJlMmJmYjczMC1lY2FhLTExZTYtOGY4OC0zNDM2M2JjN2M0YzAiOnsiY3JlYXRlIjo2MDAwMDAwMDAwMDAsImRlbGV0ZSI6MTgwMDAwMDAwMDAwMCwidXBkYXRlIjo2MDAwMDAwMDAwMDB9fQ==",
          "dependencies": [
            "module.vpc.aws_eip.nat",
            "module.vpc.aws_internet_gateway.igw",
            "module.vpc.aws_subnet.public",
            "module.vpc.aws_vpc.this"
          ]
        }
      ]
    },
    {
      "module": "module.vpc",
      "mode": "managed",
      "type": "aws_route_table",
      "name": "private",
      "provider": "provider[\"registry.terraform.io/hashicorp/aws\"]",
      "instances": [
        {
          "schema_version": 0,
          "attributes": {
            "arn": "arn:aws:ec2:eu-central-1:764520352358:route-table/rtb-002f1849fd98e1e5a",
            "id": "rtb-002f1849fd98e1e5a",
            "owner_id": "764520352358",
            "propagating_vgws": [],
            "route": [
              {
                "carrier_gateway_id": "",
                "cidr_block": "0.0.0.0/0",
                "core_network_arn": "",
                "destination_prefix_list_id": "",
                "egress_only_gateway_id": "",
                "gateway_id": "",
                "ipv6_cidr_block": "",
                "local_gateway_id": "",
                "nat_gateway_id": "nat-08d176f351d49bd8a",
                "network_interface_id": "",
                "transit_gateway_id": "",
                "vpc_endpoint_id": "",
                "vpc_peering_connection_id": ""
              }
            ],
            "tags": {
              "Environment": "dev",
              "Name": "devops-final-mykola-dev-private-rt"
            },
            "tags_all": {
              "Environment": "dev",
              "Name": "devops-final-mykola-dev-private-rt"
            },
            "timeouts": null,
            "vpc_id": "vpc-0c38fee4013a228ac"
          },
          "sensitive_attributes": [],
          "identity_schema_version": 0,
          "private": "eyJlMmJmYjczMC1lY2FhLTExZTYtOGY4OC0zNDM2M2JjN2M0YzAiOnsiY3JlYXRlIjozMDAwMDAwMDAwMDAsImRlbGV0ZSI6MzAwMDAwMDAwMDAwLCJ1cGRhdGUiOjEyMDAwMDAwMDAwMH19",
          "dependencies": [
            "module.vpc.aws_eip.nat",
            "module.vpc.aws_internet_gateway.igw",
            "module.vpc.aws_nat_gateway.nat",
            "module.vpc.aws_subnet.public",
            "module.vpc.aws_vpc.this"
          ]
        }
      ]
    },
    {
      "module": "module.vpc",
      "mode": "managed",
      "type": "aws_route_table",
      "name": "public",
      "provider": "provider[\"registry.terraform.io/hashicorp/aws\"]",
      "instances": [
        {
          "schema_version": 0,
          "attributes": {
            "arn": "arn:aws:ec2:eu-central-1:764520352358:route-table/rtb-0ff1950c53cb87d09",
            "id": "rtb-0ff1950c53cb87d09",
            "owner_id": "764520352358",
            "propagating_vgws": [],
            "route": [
              {
                "carrier_gateway_id": "",
                "cidr_block": "0.0.0.0/0",
                "core_network_arn": "",
                "destination_prefix_list_id": "",
                "egress_only_gateway_id": "",
                "gateway_id": "igw-0ba30e899253eb5c8",
                "ipv6_cidr_block": "",
                "local_gateway_id": "",
                "nat_gateway_id": "",
                "network_interface_id": "",
                "transit_gateway_id": "",
                "vpc_endpoint_id": "",
                "vpc_peering_connection_id": ""
              }
            ],
            "tags": {
              "Environment": "dev",
              "Name": "devops-final-mykola-dev-public-rt"
            },
            "tags_all": {
              "Environment": "dev",
              "Name": "devops-final-mykola-dev-public-rt"
            },
            "timeouts": null,
            "vpc_id": "vpc-0c38fee4013a228ac"
          },
          "sensitive_attributes": [],
          "identity_schema_version": 0,
          "private": "eyJlMmJmYjczMC1lY2FhLTExZTYtOGY4OC0zNDM2M2JjN2M0YzAiOnsiY3JlYXRlIjozMDAwMDAwMDAwMDAsImRlbGV0ZSI6MzAwMDAwMDAwMDAwLCJ1cGRhdGUiOjEyMDAwMDAwMDAwMH19",
          "dependencies": [
            "module.vpc.aws_internet_gateway.igw",
            "module.vpc.aws_vpc.this"
          ]
        }
      ]
    },
    {
      "module": "module.vpc",
      "mode": "managed",
      "type": "aws_route_table_association",
      "name": "private_assoc",
      "provider": "provider[\"registry.terraform.io/hashicorp/aws\"]",
      "instances": [
        {
          "index_key": 0,
          "schema_version": 0,
          "attributes": {
            "gateway_id": "",
            "id": "rtbassoc-0aa2dac4c57aa19dd",
            "route_table_id": "rtb-002f1849fd98e1e5a",
            "subnet_id": "subnet-0001e1d3d2d4966da",
            "timeouts": null
          },
          "sensitive_attributes": [],
          "identity_schema_version": 0,
          "private": "eyJlMmJmYjczMC1lY2FhLTExZTYtOGY4OC0zNDM2M2JjN2M0YzAiOnsiY3JlYXRlIjozMDAwMDAwMDAwMDAsImRlbGV0ZSI6MzAwMDAwMDAwMDAwLCJ1cGRhdGUiOjEyMDAwMDAwMDAwMH19",
          "dependencies": [
            "module.vpc.aws_eip.nat",
            "module.vpc.aws_internet_gateway.igw",
            "module.vpc.aws_nat_gateway.nat",
            "module.vpc.aws_route_table.private",
            "module.vpc.aws_subnet.private",
            "module.vpc.aws_subnet.public",
            "module.vpc.aws_vpc.this"
          ]
        },
        {
          "index_key": 1,
          "schema_version": 0,
          "attributes": {
            "gateway_id": "",
            "id": "rtbassoc-01659dec33144a98d",
            "route_table_id": "rtb-002f1849fd98e1e5a",
            "subnet_id": "subnet-00844d30bd3aeb8a4",
            "timeouts": null
          },
          "sensitive_attributes": [],
          "identity_schema_version": 0,
          "private": "eyJlMmJmYjczMC1lY2FhLTExZTYtOGY4OC0zNDM2M2JjN2M0YzAiOnsiY3JlYXRlIjozMDAwMDAwMDAwMDAsImRlbGV0ZSI6MzAwMDAwMDAwMDAwLCJ1cGRhdGUiOjEyMDAwMDAwMDAwMH19",
          "dependencies": [
            "module.vpc.aws_eip.nat",
            "module.vpc.aws_internet_gateway.igw",
            "module.vpc.aws_nat_gateway.nat",
            "module.vpc.aws_route_table.private",
            "module.vpc.aws_subnet.private",
            "module.vpc.aws_subnet.public",
            "module.vpc.aws_vpc.this"
          ]
        }
      ]
    },
    {
      "module": "module.vpc",
      "mode": "managed",
      "type": "aws_route_table_association",
      "name": "public_assoc",
      "provider": "provider[\"registry.terraform.io/hashicorp/aws\"]",
      "instances": [
        {
          "index_key": 0,
          "schema_version": 0,
          "attributes": {
            "gateway_id": "",
            "id": "rtbassoc-064251c9275df1e75",
            "route_table_id": "rtb-0ff1950c53cb87d09",
            "subnet_id": "subnet-05663aeebdc381b8a",
            "timeouts": null
          },
          "sensitive_attributes": [],
          "identity_schema_version": 0,
          "private": "eyJlMmJmYjczMC1lY2FhLTExZTYtOGY4OC0zNDM2M2JjN2M0YzAiOnsiY3JlYXRlIjozMDAwMDAwMDAwMDAsImRlbGV0ZSI6MzAwMDAwMDAwMDAwLCJ1cGRhdGUiOjEyMDAwMDAwMDAwMH19",
          "dependencies": [
            "module.vpc.aws_internet_gateway.igw",
            "module.vpc.aws_route_table.public",
            "module.vpc.aws_subnet.public",
            "module.vpc.aws_vpc.this"
          ]
        },
        {
          "index_key": 1,
          "schema_version": 0,
          "attributes": {
            "gateway_id": "",
            "id": "rtbassoc-0b0d1e5c186b6695d",
            "route_table_id": "rtb-0ff1950c53cb87d09",
            "subnet_id": "subnet-01f46afdc6899a465",
            "timeouts": null
          },
          "sensitive_attributes": [],
          "identity_schema_version": 0,
          "private": "eyJlMmJmYjczMC1lY2FhLTExZTYtOGY4OC0zNDM2M2JjN2M0YzAiOnsiY3JlYXRlIjozMDAwMDAwMDAwMDAsImRlbGV0ZSI6MzAwMDAwMDAwMDAwLCJ1cGRhdGUiOjEyMDAwMDAwMDAwMH19",
          "dependencies": [
            "module.vpc.aws_internet_gateway.igw",
            "module.vpc.aws_route_table.public",
            "module.vpc.aws_subnet.public",
            "module.vpc.aws_vpc.this"
          ]
        }
      ]
    },
    {
      "module": "module.vpc",
      "mode": "managed",
      "type": "aws_subnet",
      "name": "private",
      "provider": "provider[\"registry.terraform.io/hashicorp/aws\"]",
      "instances": [
        {
          "index_key": 0,
          "schema_version": 1,
          "attributes": {
            "arn": "arn:aws:ec2:eu-central-1:764520352358:subnet/subnet-0001e1d3d2d4966da",
            "assign_ipv6_address_on_creation": false,
            "availability_zone": "eu-central-1a",
            "availability_zone_id": "euc1-az2",
            "cidr_block": "10.0.11.0/24",
            "customer_owned_ipv4_pool": "",
            "enable_dns64": false,
            "enable_lni_at_device_index": 0,
            "enable_resource_name_dns_a_record_on_launch": false,
            "enable_resource_name_dns_aaaa_record_on_launch": false,
            "id": "subnet-0001e1d3d2d4966da",
            "ipv6_cidr_block": "",
            "ipv6_cidr_block_association_id": "",
            "ipv6_native": false,
            "map_customer_owned_ip_on_launch": false,
            "map_public_ip_on_launch": false,
            "outpost_arn": "",
            "owner_id": "764520352358",
            "private_dns_hostname_type_on_launch": "ip-name",
            "tags": {
              "Environment": "dev",
              "Name": "devops-final-mykola-dev-private-1",
              "Tier": "private"
            },
            "tags_all": {
              "Environment": "dev",
              "Name": "devops-final-mykola-dev-private-1",
              "Tier": "private"
            },
            "timeouts": null,
            "vpc_id": "vpc-0c38fee4013a228ac"
          },
          "sensitive_attributes": [],
          "identity_schema_version": 0,
          "private": "eyJlMmJmYjczMC1lY2FhLTExZTYtOGY4OC0zNDM2M2JjN2M0YzAiOnsiY3JlYXRlIjo2MDAwMDAwMDAwMDAsImRlbGV0ZSI6MTIwMDAwMDAwMDAwMH0sInNjaGVtYV92ZXJzaW9uIjoiMSJ9",
          "dependencies": [
            "module.vpc.aws_vpc.this"
          ]
        },
        {
          "index_key": 1,
          "schema_version": 1,
          "attributes": {
            "arn": "arn:aws:ec2:eu-central-1:764520352358:subnet/subnet-00844d30bd3aeb8a4",
            "assign_ipv6_address_on_creation": false,
            "availability_zone": "eu-central-1b",
            "availability_zone_id": "euc1-az3",
            "cidr_block": "10.0.12.0/24",
            "customer_owned_ipv4_pool": "",
            "enable_dns64": false,
            "enable_lni_at_device_index": 0,
            "enable_resource_name_dns_a_record_on_launch": false,
            "enable_resource_name_dns_aaaa_record_on_launch": false,
            "id": "subnet-00844d30bd3aeb8a4",
            "ipv6_cidr_block": "",
            "ipv6_cidr_block_association_id": "",
            "ipv6_native": false,
            "map_customer_owned_ip_on_launch": false,
            "map_public_ip_on_launch": false,
            "outpost_arn": "",
            "owner_id": "764520352358",
            "private_dns_hostname_type_on_launch": "ip-name",
            "tags": {
              "Environment": "dev",
              "Name": "devops-final-mykola-dev-private-2",
              "Tier": "private"
            },
            "tags_all": {
              "Environment": "dev",
              "Name": "devops-final-mykola-dev-private-2",
              "Tier": "private"
            },
            "timeouts": null,
            "vpc_id": "vpc-0c38fee4013a228ac"
          },
          "sensitive_attributes": [],
          "identity_schema_version": 0,
          "private": "eyJlMmJmYjczMC1lY2FhLTExZTYtOGY4OC0zNDM2M2JjN2M0YzAiOnsiY3JlYXRlIjo2MDAwMDAwMDAwMDAsImRlbGV0ZSI6MTIwMDAwMDAwMDAwMH0sInNjaGVtYV92ZXJzaW9uIjoiMSJ9",
          "dependencies": [
            "module.vpc.aws_vpc.this"
          ]
        }
      ]
    },
    {
      "module": "module.vpc",
      "mode": "managed",
      "type": "aws_subnet",
      "name": "public",
      "provider": "provider[\"registry.terraform.io/hashicorp/aws\"]",
      "instances": [
        {
          "index_key": 0,
          "schema_version": 1,
          "attributes": {
            "arn": "arn:aws:ec2:eu-central-1:764520352358:subnet/subnet-05663aeebdc381b8a",
            "assign_ipv6_address_on_creation": false,
            "availability_zone": "eu-central-1a",
            "availability_zone_id": "euc1-az2",
            "cidr_block": "10.0.1.0/24",
            "customer_owned_ipv4_pool": "",
            "enable_dns64": false,
            "enable_lni_at_device_index": 0,
            "enable_resource_name_dns_a_record_on_launch": false,
            "enable_resource_name_dns_aaaa_record_on_launch": false,
            "id": "subnet-05663aeebdc381b8a",
            "ipv6_cidr_block": "",
            "ipv6_cidr_block_association_id": "",
            "ipv6_native": false,
            "map_customer_owned_ip_on_launch": false,
            "map_public_ip_on_launch": true,
            "outpost_arn": "",
            "owner_id": "764520352358",
            "private_dns_hostname_type_on_launch": "ip-name",
            "tags": {
              "Environment": "dev",
              "Name": "devops-final-mykola-dev-public-1",
              "Tier": "public"
            },
            "tags_all": {
              "Environment": "dev",
              "Name": "devops-final-mykola-dev-public-1",
              "Tier": "public"
            },
            "timeouts": null,
            "vpc_id": "vpc-0c38fee4013a228ac"
          },
          "sensitive_attributes": [],
          "identity_schema_version": 0,
          "private": "eyJlMmJmYjczMC1lY2FhLTExZTYtOGY4OC0zNDM2M2JjN2M0YzAiOnsiY3JlYXRlIjo2MDAwMDAwMDAwMDAsImRlbGV0ZSI6MTIwMDAwMDAwMDAwMH0sInNjaGVtYV92ZXJzaW9uIjoiMSJ9",
          "dependencies": [
            "module.vpc.aws_vpc.this"
          ]
        },
        {
          "index_key": 1,
          "schema_version": 1,
          "attributes": {
            "arn": "arn:aws:ec2:eu-central-1:764520352358:subnet/subnet-01f46afdc6899a465",
            "assign_ipv6_address_on_creation": false,
            "availability_zone": "eu-central-1b",
            "availability_zone_id": "euc1-az3",
            "cidr_block": "10.0.2.0/24",
            "customer_owned_ipv4_pool": "",
            "enable_dns64": false,
            "enable_lni_at_device_index": 0,
            "enable_resource_name_dns_a_record_on_launch": false,
            "enable_resource_name_dns_aaaa_record_on_launch": false,
            "id": "subnet-01f46afdc6899a465",
            "ipv6_cidr_block": "",
            "ipv6_cidr_block_association_id": "",
            "ipv6_native": false,
            "map_customer_owned_ip_on_launch": false,
            "map_public_ip_on_launch": true,
            "outpost_arn": "",
            "owner_id": "764520352358",
            "private_dns_hostname_type_on_launch": "ip-name",
            "tags": {
              "Environment": "dev",
              "Name": "devops-final-mykola-dev-public-2",
              "Tier": "public"
            },
            "tags_all": {
              "Environment": "dev",
              "Name": "devops-final-mykola-dev-public-2",
              "Tier": "public"
            },
            "timeouts": null,
            "vpc_id": "vpc-0c38fee4013a228ac"
          },
          "sensitive_attributes": [],
          "identity_schema_version": 0,
          "private": "eyJlMmJmYjczMC1lY2FhLTExZTYtOGY4OC0zNDM2M2JjN2M0YzAiOnsiY3JlYXRlIjo2MDAwMDAwMDAwMDAsImRlbGV0ZSI6MTIwMDAwMDAwMDAwMH0sInNjaGVtYV92ZXJzaW9uIjoiMSJ9",
          "dependencies": [
            "module.vpc.aws_vpc.this"
          ]
        }
      ]
    },
    {
      "module": "module.vpc",
      "mode": "managed",
      "type": "aws_vpc",
      "name": "this",
      "provider": "provider[\"registry.terraform.io/hashicorp/aws\"]",
      "instances": [
        {
          "schema_version": 1,
          "attributes": {
            "arn": "arn:aws:ec2:eu-central-1:764520352358:vpc/vpc-0c38fee4013a228ac",
            "assign_generated_ipv6_cidr_block": false,
            "cidr_block": "10.0.0.0/16",
            "default_network_acl_id": "acl-064c8bc119912ec5e",
            "default_route_table_id": "rtb-0856d78206dfabbe8",
            "default_security_group_id": "sg-0144b9d3e74889a84",
            "dhcp_options_id": "dopt-03bded390e336c725",
            "enable_dns_hostnames": true,
            "enable_dns_support": true,
            "enable_network_address_usage_metrics": false,
            "id": "vpc-0c38fee4013a228ac",
            "instance_tenancy": "default",
            "ipv4_ipam_pool_id": null,
            "ipv4_netmask_length": null,
            "ipv6_association_id": "",
            "ipv6_cidr_block": "",
            "ipv6_cidr_block_network_border_group": "",
            "ipv6_ipam_pool_id": "",
            "ipv6_netmask_length": 0,
            "main_route_table_id": "rtb-0856d78206dfabbe8",
            "owner_id": "764520352358",
            "tags": {
              "Environment": "dev",
              "Name": "devops-final-mykola-dev-vpc"
            },
            "tags_all": {
              "Environment": "dev",
              "Name": "devops-final-mykola-dev-vpc"
            }
          },
          "sensitive_attributes": [],
          "identity_schema_version": 0,
          "private": "eyJzY2hlbWFfdmVyc2lvbiI6IjEifQ=="
        }
      ]
    }
  ],
  "check_results": null
}
